
Microsoft Visual Studio Solution File, Format Version 12.00
# Visual Studio 2013
VisualStudioVersion = 12.0.21005.1
MinimumVisualStudioVersion = 10.0.40219.1
Project("{FAE04EC0-301F-11D3-BF4B-00C04F79EFBC}") = "FileIngest", "FileIngest\FileIngest\FileIngest.csproj", "{4FC559D2-C3B6-4767-A602-FF938352DF1B}"
EndProject
Project("{FAE04EC0-301F-11D3-BF4B-00C04F79EFBC}") = "MControlsRev", "Reviewer\MControls\MControlsRev.csproj", "{CC6BE434-0877-4F65-8A13-76532B314F8A}"
EndProject
Project("{FAE04EC0-301F-11D3-BF4B-00C04F79EFBC}") = "Reviewer", "Reviewer\Reviewer\Reviewer.csproj", "{978F274F-6F28-4988-963B-B1E8B79649B6}"
EndProject
Project("{FAE04EC0-301F-11D3-BF4B-00C04F79EFBC}") = "DataService", "DataService\DataService\DataService.csproj", "{B6A7EDE9-28F1-41BF-AB3A-96C83FA20D1D}"
EndProject
Project("{FAE04EC0-301F-11D3-BF4B-00C04F79EFBC}") = "Conductor", "Conductor\Conductor.csproj", "{8DB26EC6-6429-4078-9B41-8348551C24B0}"
EndProject
Project("{F184B08F-C81C-45F6-A57F-5ABD9991F28F}") = "ConductorWpf", "ConductorWpf\ConductorWpf.vbproj", "{1BD22DFA-E6F6-43EF-A445-08516FD4864F}"
EndProject
Global
	GlobalSection(SolutionConfigurationPlatforms) = preSolution
		Debug|Any CPU = Debug|Any CPU
		Debug|Mixed Platforms = Debug|Mixed Platforms
		Debug|x64 = Debug|x64
		Debug|x86 = Debug|x86
		Release|Any CPU = Release|Any CPU
		Release|Mixed Platforms = Release|Mixed Platforms
		Release|x64 = Release|x64
		Release|x86 = Release|x86
	EndGlobalSection
	GlobalSection(ProjectConfigurationPlatforms) = postSolution
		{4FC559D2-C3B6-4767-A602-FF938352DF1B}.Debug|Any CPU.ActiveCfg = Debug|Any CPU
		{4FC559D2-C3B6-4767-A602-FF938352DF1B}.Debug|Any CPU.Build.0 = Debug|Any CPU
		{4FC559D2-C3B6-4767-A602-FF938352DF1B}.Debug|Mixed Platforms.ActiveCfg = Debug|Any CPU
		{4FC559D2-C3B6-4767-A602-FF938352DF1B}.Debug|Mixed Platforms.Build.0 = Debug|Any CPU
		{4FC559D2-C3B6-4767-A602-FF938352DF1B}.Debug|x64.ActiveCfg = Debug|Any CPU
		{4FC559D2-C3B6-4767-A602-FF938352DF1B}.Debug|x86.ActiveCfg = Debug|Any CPU
		{4FC559D2-C3B6-4767-A602-FF938352DF1B}.Release|Any CPU.ActiveCfg = Release|Any CPU
		{4FC559D2-C3B6-4767-A602-FF938352DF1B}.Release|Any CPU.Build.0 = Release|Any CPU
		{4FC559D2-C3B6-4767-A602-FF938352DF1B}.Release|Mixed Platforms.ActiveCfg = Release|Any CPU
		{4FC559D2-C3B6-4767-A602-FF938352DF1B}.Release|Mixed Platforms.Build.0 = Release|Any CPU
		{4FC559D2-C3B6-4767-A602-FF938352DF1B}.Release|x64.ActiveCfg = Release|Any CPU
		{4FC559D2-C3B6-4767-A602-FF938352DF1B}.Release|x86.ActiveCfg = Release|Any CPU
		{CC6BE434-0877-4F65-8A13-76532B314F8A}.Debug|Any CPU.ActiveCfg = Debug|x86
		{CC6BE434-0877-4F65-8A13-76532B314F8A}.Debug|Mixed Platforms.ActiveCfg = Debug|x86
		{CC6BE434-0877-4F65-8A13-76532B314F8A}.Debug|Mixed Platforms.Build.0 = Debug|x86
		{CC6BE434-0877-4F65-8A13-76532B314F8A}.Debug|x64.ActiveCfg = Debug|x64
		{CC6BE434-0877-4F65-8A13-76532B314F8A}.Debug|x64.Build.0 = Debug|x64
		{CC6BE434-0877-4F65-8A13-76532B314F8A}.Debug|x86.ActiveCfg = Debug|x86
		{CC6BE434-0877-4F65-8A13-76532B314F8A}.Debug|x86.Build.0 = Debug|x86
		{CC6BE434-0877-4F65-8A13-76532B314F8A}.Release|Any CPU.ActiveCfg = Release|x86
		{CC6BE434-0877-4F65-8A13-76532B314F8A}.Release|Mixed Platforms.ActiveCfg = Release|x86
		{CC6BE434-0877-4F65-8A13-76532B314F8A}.Release|Mixed Platforms.Build.0 = Release|x86
		{CC6BE434-0877-4F65-8A13-76532B314F8A}.Release|x64.ActiveCfg = Release|x64
		{CC6BE434-0877-4F65-8A13-76532B314F8A}.Release|x64.Build.0 = Release|x64
		{CC6BE434-0877-4F65-8A13-76532B314F8A}.Release|x86.ActiveCfg = Release|x86
		{CC6BE434-0877-4F65-8A13-76532B314F8A}.Release|x86.Build.0 = Release|x86
		{978F274F-6F28-4988-963B-B1E8B79649B6}.Debug|Any CPU.ActiveCfg = Debug|Any CPU
		{978F274F-6F28-4988-963B-B1E8B79649B6}.Debug|Any CPU.Build.0 = Debug|Any CPU
		{978F274F-6F28-4988-963B-B1E8B79649B6}.Debug|Mixed Platforms.ActiveCfg = Debug|Any CPU
		{978F274F-6F28-4988-963B-B1E8B79649B6}.Debug|Mixed Platforms.Build.0 = Debug|Any CPU
		{978F274F-6F28-4988-963B-B1E8B79649B6}.Debug|x64.ActiveCfg = Debug|Any CPU
		{978F274F-6F28-4988-963B-B1E8B79649B6}.Debug|x86.ActiveCfg = Debug|Any CPU
		{978F274F-6F28-4988-963B-B1E8B79649B6}.Release|Any CPU.ActiveCfg = Release|Any CPU
		{978F274F-6F28-4988-963B-B1E8B79649B6}.Release|Any CPU.Build.0 = Release|Any CPU
		{978F274F-6F28-4988-963B-B1E8B79649B6}.Release|Mixed Platforms.ActiveCfg = Release|Any CPU
		{978F274F-6F28-4988-963B-B1E8B79649B6}.Release|Mixed Platforms.Build.0 = Release|Any CPU
		{978F274F-6F28-4988-963B-B1E8B79649B6}.Release|x64.ActiveCfg = Release|Any CPU
		{978F274F-6F28-4988-963B-B1E8B79649B6}.Release|x86.ActiveCfg = Release|Any CPU
		{B6A7EDE9-28F1-41BF-AB3A-96C83FA20D1D}.Debug|Any CPU.ActiveCfg = Debug|Any CPU
		{B6A7EDE9-28F1-41BF-AB3A-96C83FA20D1D}.Debug|Any CPU.Build.0 = Debug|Any CPU
		{B6A7EDE9-28F1-41BF-AB3A-96C83FA20D1D}.Debug|Mixed Platforms.ActiveCfg = Debug|Any CPU
		{B6A7EDE9-28F1-41BF-AB3A-96C83FA20D1D}.Debug|Mixed Platforms.Build.0 = Debug|Any CPU
		{B6A7EDE9-28F1-41BF-AB3A-96C83FA20D1D}.Debug|x64.ActiveCfg = Debug|Any CPU
		{B6A7EDE9-28F1-41BF-AB3A-96C83FA20D1D}.Debug|x86.ActiveCfg = Debug|Any CPU
		{B6A7EDE9-28F1-41BF-AB3A-96C83FA20D1D}.Release|Any CPU.ActiveCfg = Release|Any CPU
		{B6A7EDE9-28F1-41BF-AB3A-96C83FA20D1D}.Release|Any CPU.Build.0 = Release|Any CPU
		{B6A7EDE9-28F1-41BF-AB3A-96C83FA20D1D}.Release|Mixed Platforms.ActiveCfg = Release|Any CPU
		{B6A7EDE9-28F1-41BF-AB3A-96C83FA20D1D}.Release|Mixed Platforms.Build.0 = Release|Any CPU
		{B6A7EDE9-28F1-41BF-AB3A-96C83FA20D1D}.Release|x64.ActiveCfg = Release|Any CPU
		{B6A7EDE9-28F1-41BF-AB3A-96C83FA20D1D}.Release|x86.ActiveCfg = Release|Any CPU
		{8DB26EC6-6429-4078-9B41-8348551C24B0}.Debug|Any CPU.ActiveCfg = Debug|Any CPU
		{8DB26EC6-6429-4078-9B41-8348551C24B0}.Debug|Any CPU.Build.0 = Debug|Any CPU
		{8DB26EC6-6429-4078-9B41-8348551C24B0}.Debug|Mixed Platforms.ActiveCfg = Debug|Any CPU
		{8DB26EC6-6429-4078-9B41-8348551C24B0}.Debug|Mixed Platforms.Build.0 = Debug|Any CPU
		{8DB26EC6-6429-4078-9B41-8348551C24B0}.Debug|x64.ActiveCfg = Debug|Any CPU
		{8DB26EC6-6429-4078-9B41-8348551C24B0}.Debug|x86.ActiveCfg = Debug|Any CPU
		{8DB26EC6-6429-4078-9B41-8348551C24B0}.Release|Any CPU.ActiveCfg = Release|Any CPU
		{8DB26EC6-6429-4078-9B41-8348551C24B0}.Release|Any CPU.Build.0 = Release|Any CPU
		{8DB26EC6-6429-4078-9B41-8348551C24B0}.Release|Mixed Platforms.ActiveCfg = Release|Any CPU
		{8DB26EC6-6429-4078-9B41-8348551C24B0}.Release|Mixed Platforms.Build.0 = Release|Any CPU
		{8DB26EC6-6429-4078-9B41-8348551C24B0}.Release|x64.ActiveCfg = Release|Any CPU
		{8DB26EC6-6429-4078-9B41-8348551C24B0}.Release|x86.ActiveCfg = Release|Any CPU
		{1BD22DFA-E6F6-43EF-A445-08516FD4864F}.Debug|Any CPU.ActiveCfg = Debug|Any CPU
		{1BD22DFA-E6F6-43EF-A445-08516FD4864F}.Debug|Any CPU.Build.0 = Debug|Any CPU
		{1BD22DFA-E6F6-43EF-A445-08516FD4864F}.Debug|Mixed Platforms.ActiveCfg = Debug|Any CPU
		{1BD22DFA-E6F6-43EF-A445-08516FD4864F}.Debug|Mixed Platforms.Build.0 = Debug|Any CPU
		{1BD22DFA-E6F6-43EF-A445-08516FD4864F}.Debug|x64.ActiveCfg = Debug|Any CPU
		{1BD22DFA-E6F6-43EF-A445-08516FD4864F}.Debug|x86.ActiveCfg = Debug|Any CPU
		{1BD22DFA-E6F6-43EF-A445-08516FD4864F}.Release|Any CPU.ActiveCfg = Release|Any CPU
		{1BD22DFA-E6F6-43EF-A445-08516FD4864F}.Release|Any CPU.Build.0 = Release|Any CPU
		{1BD22DFA-E6F6-43EF-A445-08516FD4864F}.Release|Mixed Platforms.ActiveCfg = Release|Any CPU
		{1BD22DFA-E6F6-43EF-A445-08516FD4864F}.Release|Mixed Platforms.Build.0 = Release|Any CPU
		{1BD22DFA-E6F6-43EF-A445-08516FD4864F}.Release|x64.ActiveCfg = Release|Any CPU
		{1BD22DFA-E6F6-43EF-A445-08516FD4864F}.Release|x86.ActiveCfg = Release|Any CPU
	EndGlobalSection
	GlobalSection(SolutionProperties) = preSolution
		HideSolutionNode = FALSE
	EndGlobalSection
EndGlobal
